// !$*UTF8*$!
{
	archiveVersion = 1;
	classes = {
	};
	objectVersion = 46;
	objects = {

/* Begin PBXBuildFile section */
		15107A481957524B0046D7E4 /* newsfeedViewController.m in Sources */ = {isa = PBXBuildFile; fileRef = 15107A461957524B0046D7E4 /* newsfeedViewController.m */; };
		15107A491957524B0046D7E4 /* newsfeedViewController.xib in Resources */ = {isa = PBXBuildFile; fileRef = 15107A471957524B0046D7E4 /* newsfeedViewController.xib */; };
		15D279411955FEAA0054C759 /* Foundation.framework in Frameworks */ = {isa = PBXBuildFile; fileRef = 15D279401955FEAA0054C759 /* Foundation.framework */; };
		15D279431955FEAA0054C759 /* CoreGraphics.framework in Frameworks */ = {isa = PBXBuildFile; fileRef = 15D279421955FEAA0054C759 /* CoreGraphics.framework */; };
		15D279451955FEAA0054C759 /* UIKit.framework in Frameworks */ = {isa = PBXBuildFile; fileRef = 15D279441955FEAA0054C759 /* UIKit.framework */; };
		15D2794B1955FEAA0054C759 /* InfoPlist.strings in Resources */ = {isa = PBXBuildFile; fileRef = 15D279491955FEAA0054C759 /* InfoPlist.strings */; };
		15D2794D1955FEAA0054C759 /* main.m in Sources */ = {isa = PBXBuildFile; fileRef = 15D2794C1955FEAA0054C759 /* main.m */; };
		15D279511955FEAA0054C759 /* AppDelegate.m in Sources */ = {isa = PBXBuildFile; fileRef = 15D279501955FEAA0054C759 /* AppDelegate.m */; };
		15D279531955FEAA0054C759 /* Images.xcassets in Resources */ = {isa = PBXBuildFile; fileRef = 15D279521955FEAA0054C759 /* Images.xcassets */; };
		15D2795A1955FEAA0054C759 /* XCTest.framework in Frameworks */ = {isa = PBXBuildFile; fileRef = 15D279591955FEAA0054C759 /* XCTest.framework */; };
		15D2795B1955FEAA0054C759 /* Foundation.framework in Frameworks */ = {isa = PBXBuildFile; fileRef = 15D279401955FEAA0054C759 /* Foundation.framework */; };
		15D2795C1955FEAA0054C759 /* UIKit.framework in Frameworks */ = {isa = PBXBuildFile; fileRef = 15D279441955FEAA0054C759 /* UIKit.framework */; };
		15D279641955FEAA0054C759 /* InfoPlist.strings in Resources */ = {isa = PBXBuildFile; fileRef = 15D279621955FEAA0054C759 /* InfoPlist.strings */; };
		15D279661955FEAA0054C759 /* codepathWeek2Tests.m in Sources */ = {isa = PBXBuildFile; fileRef = 15D279651955FEAA0054C759 /* codepathWeek2Tests.m */; };
		15D279721955FEC40054C759 /* LoginViewController.m in Sources */ = {isa = PBXBuildFile; fileRef = 15D279701955FEC40054C759 /* LoginViewController.m */; };
		15D279731955FEC40054C759 /* LoginViewController.xib in Resources */ = {isa = PBXBuildFile; fileRef = 15D279711955FEC40054C759 /* LoginViewController.xib */; };
		15D2797C19573F480054C759 /* PeopleViewController.m in Sources */ = {isa = PBXBuildFile; fileRef = 15D2797A19573F480054C759 /* PeopleViewController.m */; };
		15D2797D19573F480054C759 /* PeopleViewController.xib in Resources */ = {isa = PBXBuildFile; fileRef = 15D2797B19573F480054C759 /* PeopleViewController.xib */; };
		15D2798119573F680054C759 /* MessagesViewController.m in Sources */ = {isa = PBXBuildFile; fileRef = 15D2797F19573F670054C759 /* MessagesViewController.m */; };
		15D2798219573F680054C759 /* MessagesViewController.xib in Resources */ = {isa = PBXBuildFile; fileRef = 15D2798019573F680054C759 /* MessagesViewController.xib */; };
		15D2798619573F7B0054C759 /* NotificationsViewController.m in Sources */ = {isa = PBXBuildFile; fileRef = 15D2798419573F7B0054C759 /* NotificationsViewController.m */; };
		15D2798719573F7B0054C759 /* NotificationsViewController.xib in Resources */ = {isa = PBXBuildFile; fileRef = 15D2798519573F7B0054C759 /* NotificationsViewController.xib */; };
		15D2798B19573F830054C759 /* MoreViewController.m in Sources */ = {isa = PBXBuildFile; fileRef = 15D2798919573F830054C759 /* MoreViewController.m */; };
		15D2798C19573F830054C759 /* MoreViewController.xib in Resources */ = {isa = PBXBuildFile; fileRef = 15D2798A19573F830054C759 /* MoreViewController.xib */; };
/* End PBXBuildFile section */

/* Begin PBXContainerItemProxy section */
		15D2795D1955FEAA0054C759 /* PBXContainerItemProxy */ = {
			isa = PBXContainerItemProxy;
			containerPortal = 15D279351955FEAA0054C759 /* Project object */;
			proxyType = 1;
			remoteGlobalIDString = 15D2793C1955FEAA0054C759;
			remoteInfo = codepathWeek2;
		};
/* End PBXContainerItemProxy section */

/* Begin PBXFileReference section */
		15107A451957524B0046D7E4 /* newsfeedViewController.h */ = {isa = PBXFileReference; fileEncoding = 4; lastKnownFileType = sourcecode.c.h; path = newsfeedViewController.h; sourceTree = "<group>"; };
		15107A461957524B0046D7E4 /* newsfeedViewController.m */ = {isa = PBXFileReference; fileEncoding = 4; lastKnownFileType = sourcecode.c.objc; path = newsfeedViewController.m; sourceTree = "<group>"; };
		15107A471957524B0046D7E4 /* newsfeedViewController.xib */ = {isa = PBXFileReference; fileEncoding = 4; lastKnownFileType = file.xib; path = newsfeedViewController.xib; sourceTree = "<group>"; };
		15D2793D1955FEAA0054C759 /* codepathWeek2.app */ = {isa = PBXFileReference; explicitFileType = wrapper.application; includeInIndex = 0; path = codepathWeek2.app; sourceTree = BUILT_PRODUCTS_DIR; };
		15D279401955FEAA0054C759 /* Foundation.framework */ = {isa = PBXFileReference; lastKnownFileType = wrapper.framework; name = Foundation.framework; path = System/Library/Frameworks/Foundation.framework; sourceTree = SDKROOT; };
		15D279421955FEAA0054C759 /* CoreGraphics.framework */ = {isa = PBXFileReference; lastKnownFileType = wrapper.framework; name = CoreGraphics.framework; path = System/Library/Frameworks/CoreGraphics.framework; sourceTree = SDKROOT; };
		15D279441955FEAA0054C759 /* UIKit.framework */ = {isa = PBXFileReference; lastKnownFileType = wrapper.framework; name = UIKit.framework; path = System/Library/Frameworks/UIKit.framework; sourceTree = SDKROOT; };
		15D279481955FEAA0054C759 /* codepathWeek2-Info.plist */ = {isa = PBXFileReference; lastKnownFileType = text.plist.xml; path = "codepathWeek2-Info.plist"; sourceTree = "<group>"; };
		15D2794A1955FEAA0054C759 /* en */ = {isa = PBXFileReference; lastKnownFileType = text.plist.strings; name = en; path = en.lproj/InfoPlist.strings; sourceTree = "<group>"; };
		15D2794C1955FEAA0054C759 /* main.m */ = {isa = PBXFileReference; lastKnownFileType = sourcecode.c.objc; path = main.m; sourceTree = "<group>"; };
		15D2794E1955FEAA0054C759 /* codepathWeek2-Prefix.pch */ = {isa = PBXFileReference; lastKnownFileType = sourcecode.c.h; path = "codepathWeek2-Prefix.pch"; sourceTree = "<group>"; };
		15D2794F1955FEAA0054C759 /* AppDelegate.h */ = {isa = PBXFileReference; lastKnownFileType = sourcecode.c.h; path = AppDelegate.h; sourceTree = "<group>"; };
		15D279501955FEAA0054C759 /* AppDelegate.m */ = {isa = PBXFileReference; lastKnownFileType = sourcecode.c.objc; path = AppDelegate.m; sourceTree = "<group>"; };
		15D279521955FEAA0054C759 /* Images.xcassets */ = {isa = PBXFileReference; lastKnownFileType = folder.assetcatalog; path = Images.xcassets; sourceTree = "<group>"; };
		15D279581955FEAA0054C759 /* codepathWeek2Tests.xctest */ = {isa = PBXFileReference; explicitFileType = wrapper.cfbundle; includeInIndex = 0; path = codepathWeek2Tests.xctest; sourceTree = BUILT_PRODUCTS_DIR; };
		15D279591955FEAA0054C759 /* XCTest.framework */ = {isa = PBXFileReference; lastKnownFileType = wrapper.framework; name = XCTest.framework; path = Library/Frameworks/XCTest.framework; sourceTree = DEVELOPER_DIR; };
		15D279611955FEAA0054C759 /* codepathWeek2Tests-Info.plist */ = {isa = PBXFileReference; lastKnownFileType = text.plist.xml; path = "codepathWeek2Tests-Info.plist"; sourceTree = "<group>"; };
		15D279631955FEAA0054C759 /* en */ = {isa = PBXFileReference; lastKnownFileType = text.plist.strings; name = en; path = en.lproj/InfoPlist.strings; sourceTree = "<group>"; };
		15D279651955FEAA0054C759 /* codepathWeek2Tests.m */ = {isa = PBXFileReference; lastKnownFileType = sourcecode.c.objc; path = codepathWeek2Tests.m; sourceTree = "<group>"; };
		15D2796F1955FEC40054C759 /* LoginViewController.h */ = {isa = PBXFileReference; fileEncoding = 4; lastKnownFileType = sourcecode.c.h; path = LoginViewController.h; sourceTree = "<group>"; };
		15D279701955FEC40054C759 /* LoginViewController.m */ = {isa = PBXFileReference; fileEncoding = 4; lastKnownFileType = sourcecode.c.objc; path = LoginViewController.m; sourceTree = "<group>"; };
		15D279711955FEC40054C759 /* LoginViewController.xib */ = {isa = PBXFileReference; fileEncoding = 4; lastKnownFileType = file.xib; path = LoginViewController.xib; sourceTree = "<group>"; };
		15D2797919573F480054C759 /* PeopleViewController.h */ = {isa = PBXFileReference; fileEncoding = 4; lastKnownFileType = sourcecode.c.h; path = PeopleViewController.h; sourceTree = "<group>"; };
		15D2797A19573F480054C759 /* PeopleViewController.m */ = {isa = PBXFileReference; fileEncoding = 4; lastKnownFileType = sourcecode.c.objc; path = PeopleViewController.m; sourceTree = "<group>"; };
		15D2797B19573F480054C759 /* PeopleViewController.xib */ = {isa = PBXFileReference; fileEncoding = 4; lastKnownFileType = file.xib; path = PeopleViewController.xib; sourceTree = "<group>"; };
		15D2797E19573F670054C759 /* MessagesViewController.h */ = {isa = PBXFileReference; fileEncoding = 4; lastKnownFileType = sourcecode.c.h; path = MessagesViewController.h; sourceTree = "<group>"; };
		15D2797F19573F670054C759 /* MessagesViewController.m */ = {isa = PBXFileReference; fileEncoding = 4; lastKnownFileType = sourcecode.c.objc; path = MessagesViewController.m; sourceTree = "<group>"; };
		15D2798019573F680054C759 /* MessagesViewController.xib */ = {isa = PBXFileReference; fileEncoding = 4; lastKnownFileType = file.xib; path = MessagesViewController.xib; sourceTree = "<group>"; };
		15D2798319573F7B0054C759 /* NotificationsViewController.h */ = {isa = PBXFileReference; fileEncoding = 4; lastKnownFileType = sourcecode.c.h; path = NotificationsViewController.h; sourceTree = "<group>"; };
		15D2798419573F7B0054C759 /* NotificationsViewController.m */ = {isa = PBXFileReference; fileEncoding = 4; lastKnownFileType = sourcecode.c.objc; path = NotificationsViewController.m; sourceTree = "<group>"; };
		15D2798519573F7B0054C759 /* NotificationsViewController.xib */ = {isa = PBXFileReference; fileEncoding = 4; lastKnownFileType = file.xib; path = NotificationsViewController.xib; sourceTree = "<group>"; };
		15D2798819573F830054C759 /* MoreViewController.h */ = {isa = PBXFileReference; fileEncoding = 4; lastKnownFileType = sourcecode.c.h; path = MoreViewController.h; sourceTree = "<group>"; };
		15D2798919573F830054C759 /* MoreViewController.m */ = {isa = PBXFileReference; fileEncoding = 4; lastKnownFileType = sourcecode.c.objc; path = MoreViewController.m; sourceTree = "<group>"; };
		15D2798A19573F830054C759 /* MoreViewController.xib */ = {isa = PBXFileReference; fileEncoding = 4; lastKnownFileType = file.xib; path = MoreViewController.xib; sourceTree = "<group>"; };
/* End PBXFileReference section */

/* Begin PBXFrameworksBuildPhase section */
		15D2793A1955FEAA0054C759 /* Frameworks */ = {
			isa = PBXFrameworksBuildPhase;
			buildActionMask = 2147483647;
			files = (
				15D279431955FEAA0054C759 /* CoreGraphics.framework in Frameworks */,
				15D279451955FEAA0054C759 /* UIKit.framework in Frameworks */,
				15D279411955FEAA0054C759 /* Foundation.framework in Frameworks */,
			);
			runOnlyForDeploymentPostprocessing = 0;
		};
		15D279551955FEAA0054C759 /* Frameworks */ = {
			isa = PBXFrameworksBuildPhase;
			buildActionMask = 2147483647;
			files = (
				15D2795A1955FEAA0054C759 /* XCTest.framework in Frameworks */,
				15D2795C1955FEAA0054C759 /* UIKit.framework in Frameworks */,
				15D2795B1955FEAA0054C759 /* Foundation.framework in Frameworks */,
			);
			runOnlyForDeploymentPostprocessing = 0;
		};
/* End PBXFrameworksBuildPhase section */

/* Begin PBXGroup section */
		15D279341955FEAA0054C759 = {
			isa = PBXGroup;
			children = (
				15D279461955FEAA0054C759 /* codepathWeek2 */,
				15D2795F1955FEAA0054C759 /* codepathWeek2Tests */,
				15D2793F1955FEAA0054C759 /* Frameworks */,
				15D2793E1955FEAA0054C759 /* Products */,
			);
			sourceTree = "<group>";
		};
		15D2793E1955FEAA0054C759 /* Products */ = {
			isa = PBXGroup;
			children = (
				15D2793D1955FEAA0054C759 /* codepathWeek2.app */,
				15D279581955FEAA0054C759 /* codepathWeek2Tests.xctest */,
			);
			name = Products;
			sourceTree = "<group>";
		};
		15D2793F1955FEAA0054C759 /* Frameworks */ = {
			isa = PBXGroup;
			children = (
				15D279401955FEAA0054C759 /* Foundation.framework */,
				15D279421955FEAA0054C759 /* CoreGraphics.framework */,
				15D279441955FEAA0054C759 /* UIKit.framework */,
				15D279591955FEAA0054C759 /* XCTest.framework */,
			);
			name = Frameworks;
			sourceTree = "<group>";
		};
		15D279461955FEAA0054C759 /* codepathWeek2 */ = {
			isa = PBXGroup;
			children = (
				15D2794F1955FEAA0054C759 /* AppDelegate.h */,
				15D279501955FEAA0054C759 /* AppDelegate.m */,
				15D279521955FEAA0054C759 /* Images.xcassets */,
				15D279471955FEAA0054C759 /* Supporting Files */,
				15D2796F1955FEC40054C759 /* LoginViewController.h */,
				15D279701955FEC40054C759 /* LoginViewController.m */,
				15D279711955FEC40054C759 /* LoginViewController.xib */,
				15107A451957524B0046D7E4 /* newsfeedViewController.h */,
				15107A461957524B0046D7E4 /* newsfeedViewController.m */,
				15107A471957524B0046D7E4 /* newsfeedViewController.xib */,
				15D2797919573F480054C759 /* PeopleViewController.h */,
				15D2797A19573F480054C759 /* PeopleViewController.m */,
				15D2797B19573F480054C759 /* PeopleViewController.xib */,
				15D2797E19573F670054C759 /* MessagesViewController.h */,
				15D2797F19573F670054C759 /* MessagesViewController.m */,
				15D2798019573F680054C759 /* MessagesViewController.xib */,
				15D2798319573F7B0054C759 /* NotificationsViewController.h */,
				15D2798419573F7B0054C759 /* NotificationsViewController.m */,
				15D2798519573F7B0054C759 /* NotificationsViewController.xib */,
				15D2798819573F830054C759 /* MoreViewController.h */,
				15D2798919573F830054C759 /* MoreViewController.m */,
				15D2798A19573F830054C759 /* MoreViewController.xib */,
			);
			path = codepathWeek2;
			sourceTree = "<group>";
		};
		15D279471955FEAA0054C759 /* Supporting Files */ = {
			isa = PBXGroup;
			children = (
				15D279481955FEAA0054C759 /* codepathWeek2-Info.plist */,
				15D279491955FEAA0054C759 /* InfoPlist.strings */,
				15D2794C1955FEAA0054C759 /* main.m */,
				15D2794E1955FEAA0054C759 /* codepathWeek2-Prefix.pch */,
			);
			name = "Supporting Files";
			sourceTree = "<group>";
		};
		15D2795F1955FEAA0054C759 /* codepathWeek2Tests */ = {
			isa = PBXGroup;
			children = (
				15D279651955FEAA0054C759 /* codepathWeek2Tests.m */,
				15D279601955FEAA0054C759 /* Supporting Files */,
			);
			path = codepathWeek2Tests;
			sourceTree = "<group>";
		};
		15D279601955FEAA0054C759 /* Supporting Files */ = {
			isa = PBXGroup;
			children = (
				15D279611955FEAA0054C759 /* codepathWeek2Tests-Info.plist */,
				15D279621955FEAA0054C759 /* InfoPlist.strings */,
			);
			name = "Supporting Files";
			sourceTree = "<group>";
		};
/* End PBXGroup section */

/* Begin PBXNativeTarget section */
		15D2793C1955FEAA0054C759 /* codepathWeek2 */ = {
			isa = PBXNativeTarget;
			buildConfigurationList = 15D279691955FEAA0054C759 /* Build configuration list for PBXNativeTarget "codepathWeek2" */;
			buildPhases = (
				15D279391955FEAA0054C759 /* Sources */,
				15D2793A1955FEAA0054C759 /* Frameworks */,
				15D2793B1955FEAA0054C759 /* Resources */,
			);
			buildRules = (
			);
			dependencies = (
			);
			name = codepathWeek2;
			productName = codepathWeek2;
			productReference = 15D2793D1955FEAA0054C759 /* codepathWeek2.app */;
			productType = "com.apple.product-type.application";
		};
		15D279571955FEAA0054C759 /* codepathWeek2Tests */ = {
			isa = PBXNativeTarget;
			buildConfigurationList = 15D2796C1955FEAA0054C759 /* Build configuration list for PBXNativeTarget "codepathWeek2Tests" */;
			buildPhases = (
				15D279541955FEAA0054C759 /* Sources */,
				15D279551955FEAA0054C759 /* Frameworks */,
				15D279561955FEAA0054C759 /* Resources */,
			);
			buildRules = (
			);
			dependencies = (
				15D2795E1955FEAA0054C759 /* PBXTargetDependency */,
			);
			name = codepathWeek2Tests;
			productName = codepathWeek2Tests;
			productReference = 15D279581955FEAA0054C759 /* codepathWeek2Tests.xctest */;
			productType = "com.apple.product-type.bundle.unit-test";
		};
/* End PBXNativeTarget section */

/* Begin PBXProject section */
		15D279351955FEAA0054C759 /* Project object */ = {
			isa = PBXProject;
			attributes = {
				LastUpgradeCheck = 0500;
				ORGANIZATIONNAME = mkwng;
				TargetAttributes = {
					15D279571955FEAA0054C759 = {
						TestTargetID = 15D2793C1955FEAA0054C759;
					};
				};
			};
			buildConfigurationList = 15D279381955FEAA0054C759 /* Build configuration list for PBXProject "codepathWeek2" */;
			compatibilityVersion = "Xcode 3.2";
			developmentRegion = English;
			hasScannedForEncodings = 0;
			knownRegions = (
				en,
			);
			mainGroup = 15D279341955FEAA0054C759;
			productRefGroup = 15D2793E1955FEAA0054C759 /* Products */;
			projectDirPath = "";
			projectRoot = "";
			targets = (
				15D2793C1955FEAA0054C759 /* codepathWeek2 */,
				15D279571955FEAA0054C759 /* codepathWeek2Tests */,
			);
		};
/* End PBXProject section */

/* Begin PBXResourcesBuildPhase section */
		15D2793B1955FEAA0054C759 /* Resources */ = {
			isa = PBXResourcesBuildPhase;
			buildActionMask = 2147483647;
			files = (
				15D2798719573F7B0054C759 /* NotificationsViewController.xib in Resources */,
				15D2798C19573F830054C759 /* MoreViewController.xib in Resources */,
				15D2798219573F680054C759 /* MessagesViewController.xib in Resources */,
				15D2794B1955FEAA0054C759 /* InfoPlist.strings in Resources */,
				15D279531955FEAA0054C759 /* Images.xcassets in Resources */,
				15D2797D19573F480054C759 /* PeopleViewController.xib in Resources */,
				15D279731955FEC40054C759 /* LoginViewController.xib in Resources */,
				15107A491957524B0046D7E4 /* newsfeedViewController.xib in Resources */,
			);
			runOnlyForDeploymentPostprocessing = 0;
		};
		15D279561955FEAA0054C759 /* Resources */ = {
			isa = PBXResourcesBuildPhase;
			buildActionMask = 2147483647;
			files = (
				15D279641955FEAA0054C759 /* InfoPlist.strings in Resources */,
			);
			runOnlyForDeploymentPostprocessing = 0;
		};
/* End PBXResourcesBuildPhase section */

/* Begin PBXSourcesBuildPhase section */
		15D279391955FEAA0054C759 /* Sources */ = {
			isa = PBXSourcesBuildPhase;
			buildActionMask = 2147483647;
			files = (
				15107A481957524B0046D7E4 /* newsfeedViewController.m in Sources */,
				15D279511955FEAA0054C759 /* AppDelegate.m in Sources */,
				15D2798B19573F830054C759 /* MoreViewController.m in Sources */,
				15D2794D1955FEAA0054C759 /* main.m in Sources */,
				15D2798119573F680054C759 /* MessagesViewController.m in Sources */,
				15D2798619573F7B0054C759 /* NotificationsViewController.m in Sources */,
				15D2797C19573F480054C759 /* PeopleViewController.m in Sources */,
				15D279721955FEC40054C759 /* LoginViewController.m in Sources */,
			);
			runOnlyForDeploymentPostprocessing = 0;
		};
		15D279541955FEAA0054C759 /* Sources */ = {
			isa = PBXSourcesBuildPhase;
			buildActionMask = 2147483647;
			files = (
				15D279661955FEAA0054C759 /* codepathWeek2Tests.m in Sources */,
			);
			runOnlyForDeploymentPostprocessing = 0;
		};
/* End PBXSourcesBuildPhase section */

/* Begin PBXTargetDependency section */
		15D2795E1955FEAA0054C759 /* PBXTargetDependency */ = {
			isa = PBXTargetDependency;
			target = 15D2793C1955FEAA0054C759 /* codepathWeek2 */;
			targetProxy = 15D2795D1955FEAA0054C759 /* PBXContainerItemProxy */;
		};
/* End PBXTargetDependency section */

/* Begin PBXVariantGroup section */
		15D279491955FEAA0054C759 /* InfoPlist.strings */ = {
			isa = PBXVariantGroup;
			children = (
				15D2794A1955FEAA0054C759 /* en */,
			);
			name = InfoPlist.strings;
			sourceTree = "<group>";
		};
		15D279621955FEAA0054C759 /* InfoPlist.strings */ = {
			isa = PBXVariantGroup;
			children = (
				15D279631955FEAA0054C759 /* en */,
			);
			name = InfoPlist.strings;
			sourceTree = "<group>";
		};
/* End PBXVariantGroup section */

/* Begin XCBuildConfiguration section */
		15D279671955FEAA0054C759 /* Debug */ = {
			isa = XCBuildConfiguration;
			buildSettings = {
				ALWAYS_SEARCH_USER_PATHS = NO;
				ARCHS = "$(ARCHS_STANDARD_INCLUDING_64_BIT)";
				CLANG_CXX_LANGUAGE_STANDARD = "gnu++0x";
				CLANG_CXX_LIBRARY = "libc++";
				CLANG_ENABLE_MODULES = YES;
				CLANG_ENABLE_OBJC_ARC = YES;
				CLANG_WARN_BOOL_CONVERSION = YES;
				CLANG_WARN_CONSTANT_CONVERSION = YES;
				CLANG_WARN_DIRECT_OBJC_ISA_USAGE = YES_ERROR;
				CLANG_WARN_EMPTY_BODY = YES;
				CLANG_WARN_ENUM_CONVERSION = YES;
				CLANG_WARN_INT_CONVERSION = YES;
				CLANG_WARN_OBJC_ROOT_CLASS = YES_ERROR;
				CLANG_WARN__DUPLICATE_METHOD_MATCH = YES;
				"CODE_SIGN_IDENTITY[sdk=iphoneos*]" = "iPhone Developer";
				COPY_PHASE_STRIP = NO;
				GCC_C_LANGUAGE_STANDARD = gnu99;
				GCC_DYNAMIC_NO_PIC = NO;
				GCC_OPTIMIZATION_LEVEL = 0;
				GCC_PREPROCESSOR_DEFINITIONS = (
					"DEBUG=1",
					"$(inherited)",
				);
				GCC_SYMBOLS_PRIVATE_EXTERN = NO;
				GCC_WARN_64_TO_32_BIT_CONVERSION = YES;
				GCC_WARN_ABOUT_RETURN_TYPE = YES_ERROR;
				GCC_WARN_UNDECLARED_SELECTOR = YES;
				GCC_WARN_UNINITIALIZED_AUTOS = YES;
				GCC_WARN_UNUSED_FUNCTION = YES;
				GCC_WARN_UNUSED_VARIABLE = YES;
				IPHONEOS_DEPLOYMENT_TARGET = 7.0;
				ONLY_ACTIVE_ARCH = YES;
				SDKROOT = iphoneos;
			};
			name = Debug;
		};
		15D279681955FEAA0054C759 /* Release */ = {
			isa = XCBuildConfiguration;
			buildSettings = {
				ALWAYS_SEARCH_USER_PATHS = NO;
				ARCHS = "$(ARCHS_STANDARD_INCLUDING_64_BIT)";
				CLANG_CXX_LANGUAGE_STANDARD = "gnu++0x";
				CLANG_CXX_LIBRARY = "libc++";
				CLANG_ENABLE_MODULES = YES;
				CLANG_ENABLE_OBJC_ARC = YES;
				CLANG_WARN_BOOL_CONVERSION = YES;
				CLANG_WARN_CONSTANT_CONVERSION = YES;
				CLANG_WARN_DIRECT_OBJC_ISA_USAGE = YES_ERROR;
				CLANG_WARN_EMPTY_BODY = YES;
				CLANG_WARN_ENUM_CONVERSION = YES;
				CLANG_WARN_INT_CONVERSION = YES;
				CLANG_WARN_OBJC_ROOT_CLASS = YES_ERROR;
				CLANG_WARN__DUPLICATE_METHOD_MATCH = YES;
				"CODE_SIGN_IDENTITY[sdk=iphoneos*]" = "iPhone Developer";
				COPY_PHASE_STRIP = YES;
				ENABLE_NS_ASSERTIONS = NO;
				GCC_C_LANGUAGE_STANDARD = gnu99;
				GCC_WARN_64_TO_32_BIT_CONVERSION = YES;
				GCC_WARN_ABOUT_RETURN_TYPE = YES_ERROR;
				GCC_WARN_UNDECLARED_SELECTOR = YES;
				GCC_WARN_UNINITIALIZED_AUTOS = YES;
				GCC_WARN_UNUSED_FUNCTION = YES;
				GCC_WARN_UNUSED_VARIABLE = YES;
				IPHONEOS_DEPLOYMENT_TARGET = 7.0;
				SDKROOT = iphoneos;
				VALIDATE_PRODUCT = YES;
			};
			name = Release;
		};
		15D2796A1955FEAA0054C759 /* Debug */ = {
			isa = XCBuildConfiguration;
			buildSettings = {
				ASSETCATALOG_COMPILER_APPICON_NAME = AppIcon;
				ASSETCATALOG_COMPILER_LAUNCHIMAGE_NAME = LaunchImage;
				GCC_PRECOMPILE_PREFIX_HEADER = YES;
				GCC_PREFIX_HEADER = "codepathWeek2/codepathWeek2-Prefix.pch";
				INFOPLIST_FILE = "codepathWeek2/codepathWeek2-Info.plist";
				PRODUCT_NAME = "$(TARGET_NAME)";
				WRAPPER_EXTENSION = app;
			};
			name = Debug;
		};
		15D2796B1955FEAA0054C759 /* Release */ = {
			isa = XCBuildConfiguration;
			buildSettings = {
				ASSETCATALOG_COMPILER_APPICON_NAME = AppIcon;
				ASSETCATALOG_COMPILER_LAUNCHIMAGE_NAME = LaunchImage;
				GCC_PRECOMPILE_PREFIX_HEADER = YES;
				GCC_PREFIX_HEADER = "codepathWeek2/codepathWeek2-Prefix.pch";
				INFOPLIST_FILE = "codepathWeek2/codepathWeek2-Info.plist";
				PRODUCT_NAME = "$(TARGET_NAME)";
				WRAPPER_EXTENSION = app;
			};
			name = Release;
		};
		15D2796D1955FEAA0054C759 /* Debug */ = {
			isa = XCBuildConfiguration;
			buildSettings = {
				ARCHS = "$(ARCHS_STANDARD_INCLUDING_64_BIT)";
				BUNDLE_LOADER = "$(BUILT_PRODUCTS_DIR)/codepathWeek2.app/codepathWeek2";
				FRAMEWORK_SEARCH_PATHS = (
					"$(SDKROOT)/Developer/Library/Frameworks",
					"$(inherited)",
					"$(DEVELOPER_FRAMEWORKS_DIR)",
				);
				GCC_PRECOMPILE_PREFIX_HEADER = YES;
				GCC_PREFIX_HEADER = "codepathWeek2/codepathWeek2-Prefix.pch";
				GCC_PREPROCESSOR_DEFINITIONS = (
					"DEBUG=1",
					"$(inherited)",
				);
				INFOPLIST_FILE = "codepathWeek2Tests/codepathWeek2Tests-Info.plist";
				PRODUCT_NAME = "$(TARGET_NAME)";
				TEST_HOST = "$(BUNDLE_LOADER)";
				WRAPPER_EXTENSION = xctest;
			};
			name = Debug;
		};
		15D2796E1955FEAA0054C759 /* Release */ = {
			isa = XCBuildConfiguration;
			buildSettings = {
				ARCHS = "$(ARCHS_STANDARD_INCLUDING_64_BIT)";
				BUNDLE_LOADER = "$(BUILT_PRODUCTS_DIR)/codepathWeek2.app/codepathWeek2";
				FRAMEWORK_SEARCH_PATHS = (
					"$(SDKROOT)/Developer/Library/Frameworks",
					"$(inherited)",
					"$(DEVELOPER_FRAMEWORKS_DIR)",
				);
				GCC_PRECOMPILE_PREFIX_HEADER = YES;
				GCC_PREFIX_HEADER = "codepathWeek2/codepathWeek2-Prefix.pch";
				INFOPLIST_FILE = "codepathWeek2Tests/codepathWeek2Tests-Info.plist";
				PRODUCT_NAME = "$(TARGET_NAME)";
				TEST_HOST = "$(BUNDLE_LOADER)";
				WRAPPER_EXTENSION = xctest;
			};
			name = Release;
		};
/* End XCBuildConfiguration section */

/* Begin XCConfigurationList section */
		15D279381955FEAA0054C759 /* Build configuration list for PBXProject "codepathWeek2" */ = {
			isa = XCConfigurationList;
			buildConfigurations = (
				15D279671955FEAA0054C759 /* Debug */,
				15D279681955FEAA0054C759 /* Release */,
			);
			defaultConfigurationIsVisible = 0;
			defaultConfigurationName = Release;
		};
		15D279691955FEAA0054C759 /* Build configuration list for PBXNativeTarget "codepathWeek2" */ = {
			isa = XCConfigurationList;
			buildConfigurations = (
				15D2796A1955FEAA0054C759 /* Debug */,
				15D2796B1955FEAA0054C759 /* Release */,
			);
			defaultConfigurationIsVisible = 0;
			defaultConfigurationName = Release;
		};
		15D2796C1955FEAA0054C759 /* Build configuration list for PBXNativeTarget "codepathWeek2Tests" */ = {
			isa = XCConfigurationList;
			buildConfigurations = (
				15D2796D1955FEAA0054C759 /* Debug */,
				15D2796E1955FEAA0054C759 /* Release */,
			);
			defaultConfigurationIsVisible = 0;
			defaultConfigurationName = Release;
		};
/* End XCConfigurationList section */
	};
	rootObject = 15D279351955FEAA0054C759 /* Project object */;
}
